dependencies:
- name: tink
  repository: file://../tink
  version: 0.1.0
- name: boots
  repository: file://../boots
  version: 0.1.1
- name: rufio
  repository: file://../rufio
  version: 0.1.0
- name: hegel
  repository: file://../hegel
  version: 0.2.2
digest: sha256:423e89a5b2d9acc5c098f92e62a850878b5f0a0d19041b0f894d641bd1df0c37
generated: "2022-12-16T14:46:43.117966882-05:00"
