dependencies:
- name: tink
  repository: file://../tink
  version: 0.1.0
- name: boots
  repository: file://../boots
  version: 0.1.1
- name: rufio
  repository: file://../rufio
  version: 0.1.0
- name: hegel
  repository: file://../hegel
  version: 0.2.2
digest: sha256:7ce3dc41aa43fd4e9fb09bc698bbd67ad94d38f189970a7726002ec32873aea3
generated: "2022-12-16T12:32:07.338972972-07:00"
